
Microsoft Visual Studio Solution File, Format Version 12.00
# Visual Studio 2012
VisualStudioVersion = 14.0.23107.0
MinimumVisualStudioVersion = 10.0.40219.1
Project("{FAE04EC0-301F-11D3-BF4B-00C04F79EFBC}") = "CameraDemo.XamFormsUI", "CameraDemo\CameraDemo\CameraDemo.XamFormsUI.csproj", "{F82FA28C-36F8-44D1-8C74-460F05B7F7A8}"
EndProject
Project("{2150E333-8FDC-42A3-9474-1A3956D46DE8}") = "Platforms", "Platforms", "{5142A0DC-A237-4CB5-81F3-28E48125DF68}"
EndProject
Project("{FAE04EC0-301F-11D3-BF4B-00C04F79EFBC}") = "CameraDemo.iOS", "CameraDemo\CameraDemo.iOS\CameraDemo.iOS.csproj", "{BBA556B8-DEF1-4A50-A1A4-835AA0A2A3A4}"
EndProject
Project("{FAE04EC0-301F-11D3-BF4B-00C04F79EFBC}") = "CameraDemo.Droid", "CameraDemo\CameraDemo.Droid\CameraDemo.Droid.csproj", "{A383B78E-028E-47BE-BF67-5B19170D211A}"
EndProject
Project("{FAE04EC0-301F-11D3-BF4B-00C04F79EFBC}") = "CameraDemo.WinPhone", "CameraDemo\CameraDemo.WinPhone\CameraDemo.WinPhone.csproj", "{F342D919-1135-4E41-B5FB-05C74A374900}"
EndProject
Project("{FAE04EC0-301F-11D3-BF4B-00C04F79EFBC}") = "CameraDemo.Core", "CameraDemo.Core\CameraDemo.Core.csproj", "{67F9D3A8-F71E-4428-913F-C37AE82CDB24}"
EndProject
Global
	GlobalSection(SolutionConfigurationPlatforms) = preSolution
		Ad-Hoc|Any CPU = Ad-Hoc|Any CPU
		Ad-Hoc|ARM = Ad-Hoc|ARM
		Ad-Hoc|iPhone = Ad-Hoc|iPhone
		Ad-Hoc|iPhoneSimulator = Ad-Hoc|iPhoneSimulator
		Ad-Hoc|x86 = Ad-Hoc|x86
		AppStore|Any CPU = AppStore|Any CPU
		AppStore|ARM = AppStore|ARM
		AppStore|iPhone = AppStore|iPhone
		AppStore|iPhoneSimulator = AppStore|iPhoneSimulator
		AppStore|x86 = AppStore|x86
		Debug|Any CPU = Debug|Any CPU
		Debug|ARM = Debug|ARM
		Debug|iPhone = Debug|iPhone
		Debug|iPhoneSimulator = Debug|iPhoneSimulator
		Debug|x86 = Debug|x86
		Release|Any CPU = Release|Any CPU
		Release|ARM = Release|ARM
		Release|iPhone = Release|iPhone
		Release|iPhoneSimulator = Release|iPhoneSimulator
		Release|x86 = Release|x86
	EndGlobalSection
	GlobalSection(ProjectConfigurationPlatforms) = postSolution
		{67F9D3A8-F71E-4428-913F-C37AE82CDB24}.Ad-Hoc|Any CPU.ActiveCfg = Release|Any CPU
		{67F9D3A8-F71E-4428-913F-C37AE82CDB24}.Ad-Hoc|Any CPU.Build.0 = Release|Any CPU
		{67F9D3A8-F71E-4428-913F-C37AE82CDB24}.Ad-Hoc|ARM.ActiveCfg = Release|Any CPU
		{67F9D3A8-F71E-4428-913F-C37AE82CDB24}.Ad-Hoc|ARM.Build.0 = Release|Any CPU
		{67F9D3A8-F71E-4428-913F-C37AE82CDB24}.Ad-Hoc|iPhone.ActiveCfg = Release|Any CPU
		{67F9D3A8-F71E-4428-913F-C37AE82CDB24}.Ad-Hoc|iPhone.Build.0 = Release|Any CPU
		{67F9D3A8-F71E-4428-913F-C37AE82CDB24}.Ad-Hoc|iPhoneSimulator.ActiveCfg = Release|Any CPU
		{67F9D3A8-F71E-4428-913F-C37AE82CDB24}.Ad-Hoc|iPhoneSimulator.Build.0 = Release|Any CPU
		{67F9D3A8-F71E-4428-913F-C37AE82CDB24}.Ad-Hoc|x86.ActiveCfg = Release|Any CPU
		{67F9D3A8-F71E-4428-913F-C37AE82CDB24}.Ad-Hoc|x86.Build.0 = Release|Any CPU
		{67F9D3A8-F71E-4428-913F-C37AE82CDB24}.AppStore|Any CPU.ActiveCfg = Release|Any CPU
		{67F9D3A8-F71E-4428-913F-C37AE82CDB24}.AppStore|Any CPU.Build.0 = Release|Any CPU
		{67F9D3A8-F71E-4428-913F-C37AE82CDB24}.AppStore|ARM.ActiveCfg = Release|Any CPU
		{67F9D3A8-F71E-4428-913F-C37AE82CDB24}.AppStore|ARM.Build.0 = Release|Any CPU
		{67F9D3A8-F71E-4428-913F-C37AE82CDB24}.AppStore|iPhone.ActiveCfg = Release|Any CPU
		{67F9D3A8-F71E-4428-913F-C37AE82CDB24}.AppStore|iPhone.Build.0 = Release|Any CPU
		{67F9D3A8-F71E-4428-913F-C37AE82CDB24}.AppStore|iPhoneSimulator.ActiveCfg = Release|Any CPU
		{67F9D3A8-F71E-4428-913F-C37AE82CDB24}.AppStore|iPhoneSimulator.Build.0 = Release|Any CPU
		{67F9D3A8-F71E-4428-913F-C37AE82CDB24}.AppStore|x86.ActiveCfg = Release|Any CPU
		{67F9D3A8-F71E-4428-913F-C37AE82CDB24}.AppStore|x86.Build.0 = Release|Any CPU
		{67F9D3A8-F71E-4428-913F-C37AE82CDB24}.Debug|Any CPU.ActiveCfg = Debug|Any CPU
		{67F9D3A8-F71E-4428-913F-C37AE82CDB24}.Debug|Any CPU.Build.0 = Debug|Any CPU
		{67F9D3A8-F71E-4428-913F-C37AE82CDB24}.Debug|ARM.ActiveCfg = Debug|Any CPU
		{67F9D3A8-F71E-4428-913F-C37AE82CDB24}.Debug|ARM.Build.0 = Debug|Any CPU
		{67F9D3A8-F71E-4428-913F-C37AE82CDB24}.Debug|iPhone.ActiveCfg = Debug|Any CPU
		{67F9D3A8-F71E-4428-913F-C37AE82CDB24}.Debug|iPhone.Build.0 = Debug|Any CPU
		{67F9D3A8-F71E-4428-913F-C37AE82CDB24}.Debug|iPhoneSimulator.ActiveCfg = Debug|Any CPU
		{67F9D3A8-F71E-4428-913F-C37AE82CDB24}.Debug|iPhoneSimulator.Build.0 = Debug|Any CPU
		{67F9D3A8-F71E-4428-913F-C37AE82CDB24}.Debug|x86.ActiveCfg = Debug|Any CPU
		{67F9D3A8-F71E-4428-913F-C37AE82CDB24}.Debug|x86.Build.0 = Debug|Any CPU
		{67F9D3A8-F71E-4428-913F-C37AE82CDB24}.Release|Any CPU.ActiveCfg = Release|Any CPU
		{67F9D3A8-F71E-4428-913F-C37AE82CDB24}.Release|Any CPU.Build.0 = Release|Any CPU
		{67F9D3A8-F71E-4428-913F-C37AE82CDB24}.Release|ARM.ActiveCfg = Release|Any CPU
		{67F9D3A8-F71E-4428-913F-C37AE82CDB24}.Release|ARM.Build.0 = Release|Any CPU
		{67F9D3A8-F71E-4428-913F-C37AE82CDB24}.Release|iPhone.ActiveCfg = Release|Any CPU
		{67F9D3A8-F71E-4428-913F-C37AE82CDB24}.Release|iPhone.Build.0 = Release|Any CPU
		{67F9D3A8-F71E-4428-913F-C37AE82CDB24}.Release|iPhoneSimulator.ActiveCfg = Release|Any CPU
		{67F9D3A8-F71E-4428-913F-C37AE82CDB24}.Release|iPhoneSimulator.Build.0 = Release|Any CPU
		{67F9D3A8-F71E-4428-913F-C37AE82CDB24}.Release|x86.ActiveCfg = Release|Any CPU
		{67F9D3A8-F71E-4428-913F-C37AE82CDB24}.Release|x86.Build.0 = Release|Any CPU
		{A383B78E-028E-47BE-BF67-5B19170D211A}.Ad-Hoc|Any CPU.ActiveCfg = Release|Any CPU
		{A383B78E-028E-47BE-BF67-5B19170D211A}.Ad-Hoc|Any CPU.Build.0 = Release|Any CPU
		{A383B78E-028E-47BE-BF67-5B19170D211A}.Ad-Hoc|Any CPU.Deploy.0 = Release|Any CPU
		{A383B78E-028E-47BE-BF67-5B19170D211A}.Ad-Hoc|ARM.ActiveCfg = Release|Any CPU
		{A383B78E-028E-47BE-BF67-5B19170D211A}.Ad-Hoc|ARM.Build.0 = Release|Any CPU
		{A383B78E-028E-47BE-BF67-5B19170D211A}.Ad-Hoc|ARM.Deploy.0 = Release|Any CPU
		{A383B78E-028E-47BE-BF67-5B19170D211A}.Ad-Hoc|iPhone.ActiveCfg = Release|Any CPU
		{A383B78E-028E-47BE-BF67-5B19170D211A}.Ad-Hoc|iPhone.Build.0 = Release|Any CPU
		{A383B78E-028E-47BE-BF67-5B19170D211A}.Ad-Hoc|iPhone.Deploy.0 = Release|Any CPU
		{A383B78E-028E-47BE-BF67-5B19170D211A}.Ad-Hoc|iPhoneSimulator.ActiveCfg = Release|Any CPU
		{A383B78E-028E-47BE-BF67-5B19170D211A}.Ad-Hoc|iPhoneSimulator.Build.0 = Release|Any CPU
		{A383B78E-028E-47BE-BF67-5B19170D211A}.Ad-Hoc|iPhoneSimulator.Deploy.0 = Release|Any CPU
		{A383B78E-028E-47BE-BF67-5B19170D211A}.Ad-Hoc|x86.ActiveCfg = Release|Any CPU
		{A383B78E-028E-47BE-BF67-5B19170D211A}.Ad-Hoc|x86.Build.0 = Release|Any CPU
		{A383B78E-028E-47BE-BF67-5B19170D211A}.Ad-Hoc|x86.Deploy.0 = Release|Any CPU
		{A383B78E-028E-47BE-BF67-5B19170D211A}.AppStore|Any CPU.ActiveCfg = Release|Any CPU
		{A383B78E-028E-47BE-BF67-5B19170D211A}.AppStore|Any CPU.Build.0 = Release|Any CPU
		{A383B78E-028E-47BE-BF67-5B19170D211A}.AppStore|Any CPU.Deploy.0 = Release|Any CPU
		{A383B78E-028E-47BE-BF67-5B19170D211A}.AppStore|ARM.ActiveCfg = Release|Any CPU
		{A383B78E-028E-47BE-BF67-5B19170D211A}.AppStore|ARM.Build.0 = Release|Any CPU
		{A383B78E-028E-47BE-BF67-5B19170D211A}.AppStore|ARM.Deploy.0 = Release|Any CPU
		{A383B78E-028E-47BE-BF67-5B19170D211A}.AppStore|iPhone.ActiveCfg = Release|Any CPU
		{A383B78E-028E-47BE-BF67-5B19170D211A}.AppStore|iPhone.Build.0 = Release|Any CPU
		{A383B78E-028E-47BE-BF67-5B19170D211A}.AppStore|iPhone.Deploy.0 = Release|Any CPU
		{A383B78E-028E-47BE-BF67-5B19170D211A}.AppStore|iPhoneSimulator.ActiveCfg = Release|Any CPU
		{A383B78E-028E-47BE-BF67-5B19170D211A}.AppStore|iPhoneSimulator.Build.0 = Release|Any CPU
		{A383B78E-028E-47BE-BF67-5B19170D211A}.AppStore|iPhoneSimulator.Deploy.0 = Release|Any CPU
		{A383B78E-028E-47BE-BF67-5B19170D211A}.AppStore|x86.ActiveCfg = Release|Any CPU
		{A383B78E-028E-47BE-BF67-5B19170D211A}.AppStore|x86.Build.0 = Release|Any CPU
		{A383B78E-028E-47BE-BF67-5B19170D211A}.AppStore|x86.Deploy.0 = Release|Any CPU
		{A383B78E-028E-47BE-BF67-5B19170D211A}.Debug|Any CPU.ActiveCfg = Debug|Any CPU
		{A383B78E-028E-47BE-BF67-5B19170D211A}.Debug|Any CPU.Build.0 = Debug|Any CPU
		{A383B78E-028E-47BE-BF67-5B19170D211A}.Debug|Any CPU.Deploy.0 = Debug|Any CPU
		{A383B78E-028E-47BE-BF67-5B19170D211A}.Debug|ARM.ActiveCfg = Debug|Any CPU
		{A383B78E-028E-47BE-BF67-5B19170D211A}.Debug|ARM.Build.0 = Debug|Any CPU
		{A383B78E-028E-47BE-BF67-5B19170D211A}.Debug|ARM.Deploy.0 = Debug|Any CPU
		{A383B78E-028E-47BE-BF67-5B19170D211A}.Debug|iPhone.ActiveCfg = Debug|Any CPU
		{A383B78E-028E-47BE-BF67-5B19170D211A}.Debug|iPhone.Build.0 = Debug|Any CPU
		{A383B78E-028E-47BE-BF67-5B19170D211A}.Debug|iPhone.Deploy.0 = Debug|Any CPU
		{A383B78E-028E-47BE-BF67-5B19170D211A}.Debug|iPhoneSimulator.ActiveCfg = Debug|Any CPU
		{A383B78E-028E-47BE-BF67-5B19170D211A}.Debug|iPhoneSimulator.Build.0 = Debug|Any CPU
		{A383B78E-028E-47BE-BF67-5B19170D211A}.Debug|iPhoneSimulator.Deploy.0 = Debug|Any CPU
		{A383B78E-028E-47BE-BF67-5B19170D211A}.Debug|x86.ActiveCfg = Debug|Any CPU
		{A383B78E-028E-47BE-BF67-5B19170D211A}.Debug|x86.Build.0 = Debug|Any CPU
		{A383B78E-028E-47BE-BF67-5B19170D211A}.Debug|x86.Deploy.0 = Debug|Any CPU
		{A383B78E-028E-47BE-BF67-5B19170D211A}.Release|Any CPU.ActiveCfg = Release|Any CPU
		{A383B78E-028E-47BE-BF67-5B19170D211A}.Release|Any CPU.Build.0 = Release|Any CPU
		{A383B78E-028E-47BE-BF67-5B19170D211A}.Release|Any CPU.Deploy.0 = Release|Any CPU
		{A383B78E-028E-47BE-BF67-5B19170D211A}.Release|ARM.ActiveCfg = Release|Any CPU
		{A383B78E-028E-47BE-BF67-5B19170D211A}.Release|ARM.Build.0 = Release|Any CPU
		{A383B78E-028E-47BE-BF67-5B19170D211A}.Release|ARM.Deploy.0 = Release|Any CPU
		{A383B78E-028E-47BE-BF67-5B19170D211A}.Release|iPhone.ActiveCfg = Release|Any CPU
		{A383B78E-028E-47BE-BF67-5B19170D211A}.Release|iPhone.Build.0 = Release|Any CPU
		{A383B78E-028E-47BE-BF67-5B19170D211A}.Release|iPhone.Deploy.0 = Release|Any CPU
		{A383B78E-028E-47BE-BF67-5B19170D211A}.Release|iPhoneSimulator.ActiveCfg = Release|Any CPU
		{A383B78E-028E-47BE-BF67-5B19170D211A}.Release|iPhoneSimulator.Build.0 = Release|Any CPU
		{A383B78E-028E-47BE-BF67-5B19170D211A}.Release|iPhoneSimulator.Deploy.0 = Release|Any CPU
		{A383B78E-028E-47BE-BF67-5B19170D211A}.Release|x86.ActiveCfg = Release|Any CPU
		{A383B78E-028E-47BE-BF67-5B19170D211A}.Release|x86.Build.0 = Release|Any CPU
		{A383B78E-028E-47BE-BF67-5B19170D211A}.Release|x86.Deploy.0 = Release|Any CPU
		{BBA556B8-DEF1-4A50-A1A4-835AA0A2A3A4}.Ad-Hoc|Any CPU.ActiveCfg = Ad-Hoc|iPhone
		{BBA556B8-DEF1-4A50-A1A4-835AA0A2A3A4}.Ad-Hoc|ARM.ActiveCfg = Ad-Hoc|iPhone
		{BBA556B8-DEF1-4A50-A1A4-835AA0A2A3A4}.Ad-Hoc|iPhone.ActiveCfg = Ad-Hoc|iPhone
		{BBA556B8-DEF1-4A50-A1A4-835AA0A2A3A4}.Ad-Hoc|iPhone.Build.0 = Ad-Hoc|iPhone
		{BBA556B8-DEF1-4A50-A1A4-835AA0A2A3A4}.Ad-Hoc|iPhoneSimulator.ActiveCfg = Ad-Hoc|iPhoneSimulator
		{BBA556B8-DEF1-4A50-A1A4-835AA0A2A3A4}.Ad-Hoc|iPhoneSimulator.Build.0 = Ad-Hoc|iPhoneSimulator
		{BBA556B8-DEF1-4A50-A1A4-835AA0A2A3A4}.Ad-Hoc|x86.ActiveCfg = Ad-Hoc|iPhone
		{BBA556B8-DEF1-4A50-A1A4-835AA0A2A3A4}.AppStore|Any CPU.ActiveCfg = AppStore|iPhone
		{BBA556B8-DEF1-4A50-A1A4-835AA0A2A3A4}.AppStore|ARM.ActiveCfg = AppStore|iPhone
		{BBA556B8-DEF1-4A50-A1A4-835AA0A2A3A4}.AppStore|iPhone.ActiveCfg = AppStore|iPhone
		{BBA556B8-DEF1-4A50-A1A4-835AA0A2A3A4}.AppStore|iPhone.Build.0 = AppStore|iPhone
		{BBA556B8-DEF1-4A50-A1A4-835AA0A2A3A4}.AppStore|iPhoneSimulator.ActiveCfg = AppStore|iPhoneSimulator
		{BBA556B8-DEF1-4A50-A1A4-835AA0A2A3A4}.AppStore|iPhoneSimulator.Build.0 = AppStore|iPhoneSimulator
		{BBA556B8-DEF1-4A50-A1A4-835AA0A2A3A4}.AppStore|x86.ActiveCfg = AppStore|iPhone
		{BBA556B8-DEF1-4A50-A1A4-835AA0A2A3A4}.Debug|Any CPU.ActiveCfg = Debug|iPhone
		{BBA556B8-DEF1-4A50-A1A4-835AA0A2A3A4}.Debug|ARM.ActiveCfg = Debug|iPhone
		{BBA556B8-DEF1-4A50-A1A4-835AA0A2A3A4}.Debug|iPhone.ActiveCfg = Debug|iPhone
		{BBA556B8-DEF1-4A50-A1A4-835AA0A2A3A4}.Debug|iPhone.Build.0 = Debug|iPhone
		{BBA556B8-DEF1-4A50-A1A4-835AA0A2A3A4}.Debug|iPhoneSimulator.ActiveCfg = Debug|iPhoneSimulator
		{BBA556B8-DEF1-4A50-A1A4-835AA0A2A3A4}.Debug|iPhoneSimulator.Build.0 = Debug|iPhoneSimulator
		{BBA556B8-DEF1-4A50-A1A4-835AA0A2A3A4}.Debug|x86.ActiveCfg = Debug|iPhone
		{BBA556B8-DEF1-4A50-A1A4-835AA0A2A3A4}.Release|Any CPU.ActiveCfg = Release|iPhone
		{BBA556B8-DEF1-4A50-A1A4-835AA0A2A3A4}.Release|ARM.ActiveCfg = Release|iPhone
		{BBA556B8-DEF1-4A50-A1A4-835AA0A2A3A4}.Release|iPhone.ActiveCfg = Release|iPhone
		{BBA556B8-DEF1-4A50-A1A4-835AA0A2A3A4}.Release|iPhone.Build.0 = Release|iPhone
		{BBA556B8-DEF1-4A50-A1A4-835AA0A2A3A4}.Release|iPhoneSimulator.ActiveCfg = Release|iPhoneSimulator
		{BBA556B8-DEF1-4A50-A1A4-835AA0A2A3A4}.Release|iPhoneSimulator.Build.0 = Release|iPhoneSimulator
		{BBA556B8-DEF1-4A50-A1A4-835AA0A2A3A4}.Release|x86.ActiveCfg = Release|iPhone
		{F342D919-1135-4E41-B5FB-05C74A374900}.Ad-Hoc|Any CPU.ActiveCfg = Release|Any CPU
		{F342D919-1135-4E41-B5FB-05C74A374900}.Ad-Hoc|Any CPU.Build.0 = Release|Any CPU
		{F342D919-1135-4E41-B5FB-05C74A374900}.Ad-Hoc|Any CPU.Deploy.0 = Release|Any CPU
		{F342D919-1135-4E41-B5FB-05C74A374900}.Ad-Hoc|ARM.ActiveCfg = Release|ARM
		{F342D919-1135-4E41-B5FB-05C74A374900}.Ad-Hoc|ARM.Build.0 = Release|ARM
		{F342D919-1135-4E41-B5FB-05C74A374900}.Ad-Hoc|ARM.Deploy.0 = Release|ARM
		{F342D919-1135-4E41-B5FB-05C74A374900}.Ad-Hoc|iPhone.ActiveCfg = Release|Any CPU
		{F342D919-1135-4E41-B5FB-05C74A374900}.Ad-Hoc|iPhone.Build.0 = Release|Any CPU
		{F342D919-1135-4E41-B5FB-05C74A374900}.Ad-Hoc|iPhone.Deploy.0 = Release|Any CPU
		{F342D919-1135-4E41-B5FB-05C74A374900}.Ad-Hoc|iPhoneSimulator.ActiveCfg = Release|Any CPU
		{F342D919-1135-4E41-B5FB-05C74A374900}.Ad-Hoc|iPhoneSimulator.Build.0 = Release|Any CPU
		{F342D919-1135-4E41-B5FB-05C74A374900}.Ad-Hoc|iPhoneSimulator.Deploy.0 = Release|Any CPU
		{F342D919-1135-4E41-B5FB-05C74A374900}.Ad-Hoc|x86.ActiveCfg = Release|x86
		{F342D919-1135-4E41-B5FB-05C74A374900}.Ad-Hoc|x86.Build.0 = Release|x86
		{F342D919-1135-4E41-B5FB-05C74A374900}.Ad-Hoc|x86.Deploy.0 = Release|x86
		{F342D919-1135-4E41-B5FB-05C74A374900}.AppStore|Any CPU.ActiveCfg = Release|Any CPU
		{F342D919-1135-4E41-B5FB-05C74A374900}.AppStore|Any CPU.Build.0 = Release|Any CPU
		{F342D919-1135-4E41-B5FB-05C74A374900}.AppStore|Any CPU.Deploy.0 = Release|Any CPU
		{F342D919-1135-4E41-B5FB-05C74A374900}.AppStore|ARM.ActiveCfg = Release|ARM
		{F342D919-1135-4E41-B5FB-05C74A374900}.AppStore|ARM.Build.0 = Release|ARM
		{F342D919-1135-4E41-B5FB-05C74A374900}.AppStore|ARM.Deploy.0 = Release|ARM
		{F342D919-1135-4E41-B5FB-05C74A374900}.AppStore|iPhone.ActiveCfg = Release|Any CPU
		{F342D919-1135-4E41-B5FB-05C74A374900}.AppStore|iPhone.Build.0 = Release|Any CPU
		{F342D919-1135-4E41-B5FB-05C74A374900}.AppStore|iPhone.Deploy.0 = Release|Any CPU
		{F342D919-1135-4E41-B5FB-05C74A374900}.AppStore|iPhoneSimulator.ActiveCfg = Release|Any CPU
		{F342D919-1135-4E41-B5FB-05C74A374900}.AppStore|iPhoneSimulator.Build.0 = Release|Any CPU
		{F342D919-1135-4E41-B5FB-05C74A374900}.AppStore|iPhoneSimulator.Deploy.0 = Release|Any CPU
		{F342D919-1135-4E41-B5FB-05C74A374900}.AppStore|x86.ActiveCfg = Release|x86
		{F342D919-1135-4E41-B5FB-05C74A374900}.AppStore|x86.Build.0 = Release|x86
		{F342D919-1135-4E41-B5FB-05C74A374900}.AppStore|x86.Deploy.0 = Release|x86
		{F342D919-1135-4E41-B5FB-05C74A374900}.Debug|Any CPU.ActiveCfg = Debug|Any CPU
		{F342D919-1135-4E41-B5FB-05C74A374900}.Debug|Any CPU.Build.0 = Debug|Any CPU
		{F342D919-1135-4E41-B5FB-05C74A374900}.Debug|Any CPU.Deploy.0 = Debug|Any CPU
		{F342D919-1135-4E41-B5FB-05C74A374900}.Debug|ARM.ActiveCfg = Debug|ARM
		{F342D919-1135-4E41-B5FB-05C74A374900}.Debug|ARM.Build.0 = Debug|ARM
		{F342D919-1135-4E41-B5FB-05C74A374900}.Debug|ARM.Deploy.0 = Debug|ARM
		{F342D919-1135-4E41-B5FB-05C74A374900}.Debug|iPhone.ActiveCfg = Debug|Any CPU
		{F342D919-1135-4E41-B5FB-05C74A374900}.Debug|iPhone.Build.0 = Debug|Any CPU
		{F342D919-1135-4E41-B5FB-05C74A374900}.Debug|iPhone.Deploy.0 = Debug|Any CPU
		{F342D919-1135-4E41-B5FB-05C74A374900}.Debug|iPhoneSimulator.ActiveCfg = Debug|Any CPU
		{F342D919-1135-4E41-B5FB-05C74A374900}.Debug|iPhoneSimulator.Build.0 = Debug|Any CPU
		{F342D919-1135-4E41-B5FB-05C74A374900}.Debug|iPhoneSimulator.Deploy.0 = Debug|Any CPU
		{F342D919-1135-4E41-B5FB-05C74A374900}.Debug|x86.ActiveCfg = Debug|x86
		{F342D919-1135-4E41-B5FB-05C74A374900}.Debug|x86.Build.0 = Debug|x86
		{F342D919-1135-4E41-B5FB-05C74A374900}.Debug|x86.Deploy.0 = Debug|x86
		{F342D919-1135-4E41-B5FB-05C74A374900}.Release|Any CPU.ActiveCfg = Release|Any CPU
		{F342D919-1135-4E41-B5FB-05C74A374900}.Release|Any CPU.Build.0 = Release|Any CPU
		{F342D919-1135-4E41-B5FB-05C74A374900}.Release|Any CPU.Deploy.0 = Release|Any CPU
		{F342D919-1135-4E41-B5FB-05C74A374900}.Release|ARM.ActiveCfg = Release|ARM
		{F342D919-1135-4E41-B5FB-05C74A374900}.Release|ARM.Build.0 = Release|ARM
		{F342D919-1135-4E41-B5FB-05C74A374900}.Release|ARM.Deploy.0 = Release|ARM
		{F342D919-1135-4E41-B5FB-05C74A374900}.Release|iPhone.ActiveCfg = Release|Any CPU
		{F342D919-1135-4E41-B5FB-05C74A374900}.Release|iPhone.Build.0 = Release|Any CPU
		{F342D919-1135-4E41-B5FB-05C74A374900}.Release|iPhone.Deploy.0 = Release|Any CPU
		{F342D919-1135-4E41-B5FB-05C74A374900}.Release|iPhoneSimulator.ActiveCfg = Release|Any CPU
		{F342D919-1135-4E41-B5FB-05C74A374900}.Release|iPhoneSimulator.Build.0 = Release|Any CPU
		{F342D919-1135-4E41-B5FB-05C74A374900}.Release|iPhoneSimulator.Deploy.0 = Release|Any CPU
		{F342D919-1135-4E41-B5FB-05C74A374900}.Release|x86.ActiveCfg = Release|x86
		{F342D919-1135-4E41-B5FB-05C74A374900}.Release|x86.Build.0 = Release|x86
		{F342D919-1135-4E41-B5FB-05C74A374900}.Release|x86.Deploy.0 = Release|x86
		{F82FA28C-36F8-44D1-8C74-460F05B7F7A8}.Ad-Hoc|Any CPU.ActiveCfg = Release|Any CPU
		{F82FA28C-36F8-44D1-8C74-460F05B7F7A8}.Ad-Hoc|Any CPU.Build.0 = Release|Any CPU
		{F82FA28C-36F8-44D1-8C74-460F05B7F7A8}.Ad-Hoc|ARM.ActiveCfg = Release|Any CPU
		{F82FA28C-36F8-44D1-8C74-460F05B7F7A8}.Ad-Hoc|ARM.Build.0 = Release|Any CPU
		{F82FA28C-36F8-44D1-8C74-460F05B7F7A8}.Ad-Hoc|iPhone.ActiveCfg = Release|Any CPU
		{F82FA28C-36F8-44D1-8C74-460F05B7F7A8}.Ad-Hoc|iPhone.Build.0 = Release|Any CPU
		{F82FA28C-36F8-44D1-8C74-460F05B7F7A8}.Ad-Hoc|iPhoneSimulator.ActiveCfg = Release|Any CPU
		{F82FA28C-36F8-44D1-8C74-460F05B7F7A8}.Ad-Hoc|iPhoneSimulator.Build.0 = Release|Any CPU
		{F82FA28C-36F8-44D1-8C74-460F05B7F7A8}.Ad-Hoc|x86.ActiveCfg = Release|Any CPU
		{F82FA28C-36F8-44D1-8C74-460F05B7F7A8}.Ad-Hoc|x86.Build.0 = Release|Any CPU
		{F82FA28C-36F8-44D1-8C74-460F05B7F7A8}.AppStore|Any CPU.ActiveCfg = Release|Any CPU
		{F82FA28C-36F8-44D1-8C74-460F05B7F7A8}.AppStore|Any CPU.Build.0 = Release|Any CPU
		{F82FA28C-36F8-44D1-8C74-460F05B7F7A8}.AppStore|ARM.ActiveCfg = Release|Any CPU
		{F82FA28C-36F8-44D1-8C74-460F05B7F7A8}.AppStore|ARM.Build.0 = Release|Any CPU
		{F82FA28C-36F8-44D1-8C74-460F05B7F7A8}.AppStore|iPhone.ActiveCfg = Release|Any CPU
		{F82FA28C-36F8-44D1-8C74-460F05B7F7A8}.AppStore|iPhone.Build.0 = Release|Any CPU
		{F82FA28C-36F8-44D1-8C74-460F05B7F7A8}.AppStore|iPhoneSimulator.ActiveCfg = Release|Any CPU
		{F82FA28C-36F8-44D1-8C74-460F05B7F7A8}.AppStore|iPhoneSimulator.Build.0 = Release|Any CPU
		{F82FA28C-36F8-44D1-8C74-460F05B7F7A8}.AppStore|x86.ActiveCfg = Release|Any CPU
		{F82FA28C-36F8-44D1-8C74-460F05B7F7A8}.AppStore|x86.Build.0 = Release|Any CPU
		{F82FA28C-36F8-44D1-8C74-460F05B7F7A8}.Debug|Any CPU.ActiveCfg = Debug|Any CPU
		{F82FA28C-36F8-44D1-8C74-460F05B7F7A8}.Debug|Any CPU.Build.0 = Debug|Any CPU
		{F82FA28C-36F8-44D1-8C74-460F05B7F7A8}.Debug|ARM.ActiveCfg = Debug|Any CPU
		{F82FA28C-36F8-44D1-8C74-460F05B7F7A8}.Debug|ARM.Build.0 = Debug|Any CPU
		{F82FA28C-36F8-44D1-8C74-460F05B7F7A8}.Debug|iPhone.ActiveCfg = Debug|Any CPU
		{F82FA28C-36F8-44D1-8C74-460F05B7F7A8}.Debug|iPhone.Build.0 = Debug|Any CPU
		{F82FA28C-36F8-44D1-8C74-460F05B7F7A8}.Debug|iPhoneSimulator.ActiveCfg = Debug|Any CPU
		{F82FA28C-36F8-44D1-8C74-460F05B7F7A8}.Debug|iPhoneSimulator.Build.0 = Debug|Any CPU
		{F82FA28C-36F8-44D1-8C74-460F05B7F7A8}.Debug|x86.ActiveCfg = Debug|Any CPU
		{F82FA28C-36F8-44D1-8C74-460F05B7F7A8}.Debug|x86.Build.0 = Debug|Any CPU
		{F82FA28C-36F8-44D1-8C74-460F05B7F7A8}.Release|Any CPU.ActiveCfg = Release|Any CPU
		{F82FA28C-36F8-44D1-8C74-460F05B7F7A8}.Release|Any CPU.Build.0 = Release|Any CPU
		{F82FA28C-36F8-44D1-8C74-460F05B7F7A8}.Release|ARM.ActiveCfg = Release|Any CPU
		{F82FA28C-36F8-44D1-8C74-460F05B7F7A8}.Release|ARM.Build.0 = Release|Any CPU
		{F82FA28C-36F8-44D1-8C74-460F05B7F7A8}.Release|iPhone.ActiveCfg = Release|Any CPU
		{F82FA28C-36F8-44D1-8C74-460F05B7F7A8}.Release|iPhone.Build.0 = Release|Any CPU
		{F82FA28C-36F8-44D1-8C74-460F05B7F7A8}.Release|iPhoneSimulator.ActiveCfg = Release|Any CPU
		{F82FA28C-36F8-44D1-8C74-460F05B7F7A8}.Release|iPhoneSimulator.Build.0 = Release|Any CPU
		{F82FA28C-36F8-44D1-8C74-460F05B7F7A8}.Release|x86.ActiveCfg = Release|Any CPU
		{F82FA28C-36F8-44D1-8C74-460F05B7F7A8}.Release|x86.Build.0 = Release|Any CPU
	EndGlobalSection
	GlobalSection(NestedProjects) = preSolution
		{BBA556B8-DEF1-4A50-A1A4-835AA0A2A3A4} = {5142A0DC-A237-4CB5-81F3-28E48125DF68}
		{A383B78E-028E-47BE-BF67-5B19170D211A} = {5142A0DC-A237-4CB5-81F3-28E48125DF68}
		{F342D919-1135-4E41-B5FB-05C74A374900} = {5142A0DC-A237-4CB5-81F3-28E48125DF68}
	EndGlobalSection
	GlobalSection(SolutionProperties) = preSolution
		HideSolutionNode = FALSE
	EndGlobalSection
	GlobalSection(TeamFoundationVersionControl) = preSolution
		SccNumberOfProjects = 6
		SccEnterpriseProvider = {4CA58AB2-18FA-4F8D-95D4-32DDF27D184C}
		SccTeamFoundationServer = https://dkravchyna.visualstudio.com/defaultcollection
		SccLocalPath0 = .
		SccProjectUniqueName1 = CameraDemo\\CameraDemo.Droid\\CameraDemo.Droid.csproj
		SccProjectTopLevelParentUniqueName1 = CameraDemo.sln
		SccProjectName1 = CameraDemo/CameraDemo.Droid
		SccLocalPath1 = CameraDemo\\CameraDemo.Droid
		SccProjectUniqueName2 = CameraDemo\\CameraDemo.iOS\\CameraDemo.iOS.csproj
		SccProjectTopLevelParentUniqueName2 = CameraDemo.sln
		SccProjectName2 = CameraDemo/CameraDemo.iOS
		SccLocalPath2 = CameraDemo\\CameraDemo.iOS
		SccProjectUniqueName3 = CameraDemo\\CameraDemo.WinPhone\\CameraDemo.WinPhone.csproj
		SccProjectTopLevelParentUniqueName3 = CameraDemo.sln
		SccProjectName3 = CameraDemo/CameraDemo.WinPhone
		SccLocalPath3 = CameraDemo\\CameraDemo.WinPhone
		SccProjectUniqueName4 = CameraDemo\\CameraDemo\\CameraDemo.XamFormsUI.csproj
		SccProjectName4 = CameraDemo/CameraDemo
		SccLocalPath4 = CameraDemo\\CameraDemo
		SccProjectUniqueName5 = CameraDemo.Core\\CameraDemo.Core.csproj
		SccProjectName5 = CameraDemo.Core
		SccLocalPath5 = CameraDemo.Core
	EndGlobalSection
EndGlobal
